// !$*UTF8*$!
{
	archiveVersion = 1;
	classes = {
	};
	objectVersion = 77;
	objects = {

/* Begin PBXBuildFile section */
		5300402F2E50BDF800BB4167 /* EventKitUI.framework in Frameworks */ = {isa = PBXBuildFile; fileRef = 5300402D2E50BDF800BB4167 /* EventKitUI.framework */; };
		530040302E50BDF800BB4167 /* EventKit.framework in Frameworks */ = {isa = PBXBuildFile; fileRef = 5300402E2E50BDF800BB4167 /* EventKit.framework */; };
		5397B6942E477894002DDCAF /* GoogleSignIn in Frameworks */ = {isa = PBXBuildFile; productRef = 5397B6932E477894002DDCAF /* GoogleSignIn */; };
		5397B6962E477894002DDCAF /* GoogleSignInSwift in Frameworks */ = {isa = PBXBuildFile; productRef = 5397B6952E477894002DDCAF /* GoogleSignInSwift */; };
		53E27F662E4450C500E90879 /* FirebaseAuth in Frameworks */ = {isa = PBXBuildFile; productRef = 53E27F652E4450C500E90879 /* FirebaseAuth */; };
		53E27F682E4450C500E90879 /* FirebaseFirestore in Frameworks */ = {isa = PBXBuildFile; productRef = 53E27F672E4450C500E90879 /* FirebaseFirestore */; };
		53E27F6A2E4450C500E90879 /* FirebaseStorage in Frameworks */ = {isa = PBXBuildFile; productRef = 53E27F692E4450C500E90879 /* FirebaseStorage */; };
/* End PBXBuildFile section */

/* Begin PBXContainerItemProxy section */
		53298D732E42139600B30820 /* PBXContainerItemProxy */ = {
			isa = PBXContainerItemProxy;
			containerPortal = 53298D5A2E42138D00B30820 /* Project object */;
			proxyType = 1;
			remoteGlobalIDString = 53298D612E42138D00B30820;
			remoteInfo = AdoraWellness;
		};
		53298D7D2E42139600B30820 /* PBXContainerItemProxy */ = {
			isa = PBXContainerItemProxy;
			containerPortal = 53298D5A2E42138D00B30820 /* Project object */;
			proxyType = 1;
			remoteGlobalIDString = 53298D612E42138D00B30820;
			remoteInfo = AdoraWellness;
		};
/* End PBXContainerItemProxy section */

/* Begin PBXFileReference section */
		5300402D2E50BDF800BB4167 /* EventKitUI.framework */ = {isa = PBXFileReference; lastKnownFileType = wrapper.framework; name = EventKitUI.framework; path = System/Library/Frameworks/EventKitUI.framework; sourceTree = SDKROOT; };
		5300402E2E50BDF800BB4167 /* EventKit.framework */ = {isa = PBXFileReference; lastKnownFileType = wrapper.framework; name = EventKit.framework; path = System/Library/Frameworks/EventKit.framework; sourceTree = SDKROOT; };
		53298D622E42138D00B30820 /* AdoraWellness.app */ = {isa = PBXFileReference; explicitFileType = wrapper.application; includeInIndex = 0; path = AdoraWellness.app; sourceTree = BUILT_PRODUCTS_DIR; };
		53298D722E42139600B30820 /* AdoraWellnessTests.xctest */ = {isa = PBXFileReference; explicitFileType = wrapper.cfbundle; includeInIndex = 0; path = AdoraWellnessTests.xctest; sourceTree = BUILT_PRODUCTS_DIR; };
		53298D7C2E42139600B30820 /* AdoraWellnessUITests.xctest */ = {isa = PBXFileReference; explicitFileType = wrapper.cfbundle; includeInIndex = 0; path = AdoraWellnessUITests.xctest; sourceTree = BUILT_PRODUCTS_DIR; };
/* End PBXFileReference section */

/* Begin PBXFileSystemSynchronizedBuildFileExceptionSet section */
		5397B6982E477925002DDCAF /* Exceptions for "AdoraWellness" folder in "AdoraWellness" target */ = {
			isa = PBXFileSystemSynchronizedBuildFileExceptionSet;
			membershipExceptions = (
				Info.plist,
			);
			target = 53298D612E42138D00B30820 /* AdoraWellness */;
		};
/* End PBXFileSystemSynchronizedBuildFileExceptionSet section */

/* Begin PBXFileSystemSynchronizedRootGroup section */
		53298D642E42138D00B30820 /* AdoraWellness */ = {
			isa = PBXFileSystemSynchronizedRootGroup;
			exceptions = (
				5397B6982E477925002DDCAF /* Exceptions for "AdoraWellness" folder in "AdoraWellness" target */,
			);
			path = AdoraWellness;
			sourceTree = "<group>";
		};
		53298D752E42139600B30820 /* AdoraWellnessTests */ = {
			isa = PBXFileSystemSynchronizedRootGroup;
			path = AdoraWellnessTests;
			sourceTree = "<group>";
		};
		53298D7F2E42139600B30820 /* AdoraWellnessUITests */ = {
			isa = PBXFileSystemSynchronizedRootGroup;
			path = AdoraWellnessUITests;
			sourceTree = "<group>";
		};
/* End PBXFileSystemSynchronizedRootGroup section */

/* Begin PBXFrameworksBuildPhase section */
		53298D5F2E42138D00B30820 /* Frameworks */ = {
			isa = PBXFrameworksBuildPhase;
			buildActionMask = 2147483647;
			files = (
				5300402F2E50BDF800BB4167 /* EventKitUI.framework in Frameworks */,
				530040302E50BDF800BB4167 /* EventKit.framework in Frameworks */,
				5397B6962E477894002DDCAF /* GoogleSignInSwift in Frameworks */,
				53E27F662E4450C500E90879 /* FirebaseAuth in Frameworks */,
				5397B6942E477894002DDCAF /* GoogleSignIn in Frameworks */,
				53E27F682E4450C500E90879 /* FirebaseFirestore in Frameworks */,
				53E27F6A2E4450C500E90879 /* FirebaseStorage in Frameworks */,
			);
			runOnlyForDeploymentPostprocessing = 0;
		};
		53298D6F2E42139600B30820 /* Frameworks */ = {
			isa = PBXFrameworksBuildPhase;
			buildActionMask = 2147483647;
			files = (
			);
			runOnlyForDeploymentPostprocessing = 0;
		};
		53298D792E42139600B30820 /* Frameworks */ = {
			isa = PBXFrameworksBuildPhase;
			buildActionMask = 2147483647;
			files = (
			);
			runOnlyForDeploymentPostprocessing = 0;
		};
/* End PBXFrameworksBuildPhase section */

/* Begin PBXGroup section */
		5300402C2E50BDF700BB4167 /* Frameworks */ = {
			isa = PBXGroup;
			children = (
				5300402E2E50BDF800BB4167 /* EventKit.framework */,
				5300402D2E50BDF800BB4167 /* EventKitUI.framework */,
			);
			name = Frameworks;
			sourceTree = "<group>";
		};
		53298D592E42138D00B30820 = {
			isa = PBXGroup;
			children = (
				53298D642E42138D00B30820 /* AdoraWellness */,
				53298D752E42139600B30820 /* AdoraWellnessTests */,
				53298D7F2E42139600B30820 /* AdoraWellnessUITests */,
				5300402C2E50BDF700BB4167 /* Frameworks */,
				53298D632E42138D00B30820 /* Products */,
			);
			sourceTree = "<group>";
		};
		53298D632E42138D00B30820 /* Products */ = {
			isa = PBXGroup;
			children = (
				53298D622E42138D00B30820 /* AdoraWellness.app */,
				53298D722E42139600B30820 /* AdoraWellnessTests.xctest */,
				53298D7C2E42139600B30820 /* AdoraWellnessUITests.xctest */,
			);
			name = Products;
			sourceTree = "<group>";
		};
/* End PBXGroup section */

/* Begin PBXNativeTarget section */
		53298D612E42138D00B30820 /* AdoraWellness */ = {
			isa = PBXNativeTarget;
			buildConfigurationList = 53298D862E42139600B30820 /* Build configuration list for PBXNativeTarget "AdoraWellness" */;
			buildPhases = (
				53298D5E2E42138D00B30820 /* Sources */,
				53298D5F2E42138D00B30820 /* Frameworks */,
				53298D602E42138D00B30820 /* Resources */,
			);
			buildRules = (
			);
			dependencies = (
			);
			fileSystemSynchronizedGroups = (
				53298D642E42138D00B30820 /* AdoraWellness */,
			);
			name = AdoraWellness;
			packageProductDependencies = (
				53E27F652E4450C500E90879 /* FirebaseAuth */,
				53E27F672E4450C500E90879 /* FirebaseFirestore */,
				53E27F692E4450C500E90879 /* FirebaseStorage */,
				5397B6932E477894002DDCAF /* GoogleSignIn */,
				5397B6952E477894002DDCAF /* GoogleSignInSwift */,
			);
			productName = AdoraWellness;
			productReference = 53298D622E42138D00B30820 /* AdoraWellness.app */;
			productType = "com.apple.product-type.application";
		};
		53298D712E42139600B30820 /* AdoraWellnessTests */ = {
			isa = PBXNativeTarget;
			buildConfigurationList = 53298D892E42139600B30820 /* Build configuration list for PBXNativeTarget "AdoraWellnessTests" */;
			buildPhases = (
				53298D6E2E42139600B30820 /* Sources */,
				53298D6F2E42139600B30820 /* Frameworks */,
				53298D702E42139600B30820 /* Resources */,
			);
			buildRules = (
			);
			dependencies = (
				53298D742E42139600B30820 /* PBXTargetDependency */,
			);
			fileSystemSynchronizedGroups = (
				53298D752E42139600B30820 /* AdoraWellnessTests */,
			);
			name = AdoraWellnessTests;
			packageProductDependencies = (
			);
			productName = AdoraWellnessTests;
			productReference = 53298D722E42139600B30820 /* AdoraWellnessTests.xctest */;
			productType = "com.apple.product-type.bundle.unit-test";
		};
		53298D7B2E42139600B30820 /* AdoraWellnessUITests */ = {
			isa = PBXNativeTarget;
			buildConfigurationList = 53298D8C2E42139600B30820 /* Build configuration list for PBXNativeTarget "AdoraWellnessUITests" */;
			buildPhases = (
				53298D782E42139600B30820 /* Sources */,
				53298D792E42139600B30820 /* Frameworks */,
				53298D7A2E42139600B30820 /* Resources */,
			);
			buildRules = (
			);
			dependencies = (
				53298D7E2E42139600B30820 /* PBXTargetDependency */,
			);
			fileSystemSynchronizedGroups = (
				53298D7F2E42139600B30820 /* AdoraWellnessUITests */,
			);
			name = AdoraWellnessUITests;
			packageProductDependencies = (
			);
			productName = AdoraWellnessUITests;
			productReference = 53298D7C2E42139600B30820 /* AdoraWellnessUITests.xctest */;
			productType = "com.apple.product-type.bundle.ui-testing";
		};
/* End PBXNativeTarget section */

/* Begin PBXProject section */
		53298D5A2E42138D00B30820 /* Project object */ = {
			isa = PBXProject;
			attributes = {
				BuildIndependentTargetsInParallel = 1;
				LastSwiftUpdateCheck = 1620;
				LastUpgradeCheck = 1620;
				TargetAttributes = {
					53298D612E42138D00B30820 = {
						CreatedOnToolsVersion = 16.2;
					};
					53298D712E42139600B30820 = {
						CreatedOnToolsVersion = 16.2;
						TestTargetID = 53298D612E42138D00B30820;
					};
					53298D7B2E42139600B30820 = {
						CreatedOnToolsVersion = 16.2;
						TestTargetID = 53298D612E42138D00B30820;
					};
				};
			};
			buildConfigurationList = 53298D5D2E42138D00B30820 /* Build configuration list for PBXProject "AdoraWellness" */;
			developmentRegion = en;
			hasScannedForEncodings = 0;
			knownRegions = (
				en,
				Base,
			);
			mainGroup = 53298D592E42138D00B30820;
			minimizedProjectReferenceProxies = 1;
			packageReferences = (
				53E27F642E4450C500E90879 /* XCRemoteSwiftPackageReference "firebase-ios-sdk" */,
				5397B6922E477893002DDCAF /* XCRemoteSwiftPackageReference "GoogleSignIn-iOS" */,
			);
			preferredProjectObjectVersion = 77;
			productRefGroup = 53298D632E42138D00B30820 /* Products */;
			projectDirPath = "";
			projectRoot = "";
			targets = (
				53298D612E42138D00B30820 /* AdoraWellness */,
				53298D712E42139600B30820 /* AdoraWellnessTests */,
				53298D7B2E42139600B30820 /* AdoraWellnessUITests */,
			);
		};
/* End PBXProject section */

/* Begin PBXResourcesBuildPhase section */
		53298D602E42138D00B30820 /* Resources */ = {
			isa = PBXResourcesBuildPhase;
			buildActionMask = 2147483647;
			files = (
			);
			runOnlyForDeploymentPostprocessing = 0;
		};
		53298D702E42139600B30820 /* Resources */ = {
			isa = PBXResourcesBuildPhase;
			buildActionMask = 2147483647;
			files = (
			);
			runOnlyForDeploymentPostprocessing = 0;
		};
		53298D7A2E42139600B30820 /* Resources */ = {
			isa = PBXResourcesBuildPhase;
			buildActionMask = 2147483647;
			files = (
			);
			runOnlyForDeploymentPostprocessing = 0;
		};
/* End PBXResourcesBuildPhase section */

/* Begin PBXSourcesBuildPhase section */
		53298D5E2E42138D00B30820 /* Sources */ = {
			isa = PBXSourcesBuildPhase;
			buildActionMask = 2147483647;
			files = (
			);
			runOnlyForDeploymentPostprocessing = 0;
		};
		53298D6E2E42139600B30820 /* Sources */ = {
			isa = PBXSourcesBuildPhase;
			buildActionMask = 2147483647;
			files = (
			);
			runOnlyForDeploymentPostprocessing = 0;
		};
		53298D782E42139600B30820 /* Sources */ = {
			isa = PBXSourcesBuildPhase;
			buildActionMask = 2147483647;
			files = (
			);
			runOnlyForDeploymentPostprocessing = 0;
		};
/* End PBXSourcesBuildPhase section */

/* Begin PBXTargetDependency section */
		53298D742E42139600B30820 /* PBXTargetDependency */ = {
			isa = PBXTargetDependency;
			target = 53298D612E42138D00B30820 /* AdoraWellness */;
			targetProxy = 53298D732E42139600B30820 /* PBXContainerItemProxy */;
		};
		53298D7E2E42139600B30820 /* PBXTargetDependency */ = {
			isa = PBXTargetDependency;
			target = 53298D612E42138D00B30820 /* AdoraWellness */;
			targetProxy = 53298D7D2E42139600B30820 /* PBXContainerItemProxy */;
		};
/* End PBXTargetDependency section */

/* Begin XCBuildConfiguration section */
		53298D842E42139600B30820 /* Debug */ = {
			isa = XCBuildConfiguration;
			buildSettings = {
				ALWAYS_SEARCH_USER_PATHS = NO;
				ASSETCATALOG_COMPILER_GENERATE_SWIFT_ASSET_SYMBOL_EXTENSIONS = YES;
				CLANG_ANALYZER_NONNULL = YES;
				CLANG_ANALYZER_NUMBER_OBJECT_CONVERSION = YES_AGGRESSIVE;
				CLANG_CXX_LANGUAGE_STANDARD = "gnu++20";
				CLANG_ENABLE_MODULES = YES;
				CLANG_ENABLE_OBJC_ARC = YES;
				CLANG_ENABLE_OBJC_WEAK = YES;
				CLANG_WARN_BLOCK_CAPTURE_AUTORELEASING = YES;
				CLANG_WARN_BOOL_CONVERSION = YES;
				CLANG_WARN_COMMA = YES;
				CLANG_WARN_CONSTANT_CONVERSION = YES;
				CLANG_WARN_DEPRECATED_OBJC_IMPLEMENTATIONS = YES;
				CLANG_WARN_DIRECT_OBJC_ISA_USAGE = YES_ERROR;
				CLANG_WARN_DOCUMENTATION_COMMENTS = YES;
				CLANG_WARN_EMPTY_BODY = YES;
				CLANG_WARN_ENUM_CONVERSION = YES;
				CLANG_WARN_INFINITE_RECURSION = YES;
				CLANG_WARN_INT_CONVERSION = YES;
				CLANG_WARN_NON_LITERAL_NULL_CONVERSION = YES;
				CLANG_WARN_OBJC_IMPLICIT_RETAIN_SELF = YES;
				CLANG_WARN_OBJC_LITERAL_CONVERSION = YES;
				CLANG_WARN_OBJC_ROOT_CLASS = YES_ERROR;
				CLANG_WARN_QUOTED_INCLUDE_IN_FRAMEWORK_HEADER = YES;
				CLANG_WARN_RANGE_LOOP_ANALYSIS = YES;
				CLANG_WARN_STRICT_PROTOTYPES = YES;
				CLANG_WARN_SUSPICIOUS_MOVE = YES;
				CLANG_WARN_UNGUARDED_AVAILABILITY = YES_AGGRESSIVE;
				CLANG_WARN_UNREACHABLE_CODE = YES;
				CLANG_WARN__DUPLICATE_METHOD_MATCH = YES;
				COPY_PHASE_STRIP = NO;
				DEBUG_INFORMATION_FORMAT = dwarf;
				ENABLE_STRICT_OBJC_MSGSEND = YES;
				ENABLE_TESTABILITY = YES;
				ENABLE_USER_SCRIPT_SANDBOXING = YES;
				GCC_C_LANGUAGE_STANDARD = gnu17;
				GCC_DYNAMIC_NO_PIC = NO;
				GCC_NO_COMMON_BLOCKS = YES;
				GCC_OPTIMIZATION_LEVEL = 0;
				GCC_PREPROCESSOR_DEFINITIONS = (
					"DEBUG=1",
					"$(inherited)",
				);
				GCC_WARN_64_TO_32_BIT_CONVERSION = YES;
				GCC_WARN_ABOUT_RETURN_TYPE = YES_ERROR;
				GCC_WARN_UNDECLARED_SELECTOR = YES;
				GCC_WARN_UNINITIALIZED_AUTOS = YES_AGGRESSIVE;
				GCC_WARN_UNUSED_FUNCTION = YES;
				GCC_WARN_UNUSED_VARIABLE = YES;
				IPHONEOS_DEPLOYMENT_TARGET = 18.2;
				LOCALIZATION_PREFERS_STRING_CATALOGS = YES;
				MTL_ENABLE_DEBUG_INFO = INCLUDE_SOURCE;
				MTL_FAST_MATH = YES;
				ONLY_ACTIVE_ARCH = YES;
				SDKROOT = iphoneos;
				SWIFT_ACTIVE_COMPILATION_CONDITIONS = "DEBUG $(inherited)";
				SWIFT_OPTIMIZATION_LEVEL = "-Onone";
			};
			name = Debug;
		};
		53298D852E42139600B30820 /* Release */ = {
			isa = XCBuildConfiguration;
			buildSettings = {
				ALWAYS_SEARCH_USER_PATHS = NO;
				ASSETCATALOG_COMPILER_GENERATE_SWIFT_ASSET_SYMBOL_EXTENSIONS = YES;
				CLANG_ANALYZER_NONNULL = YES;
				CLANG_ANALYZER_NUMBER_OBJECT_CONVERSION = YES_AGGRESSIVE;
				CLANG_CXX_LANGUAGE_STANDARD = "gnu++20";
				CLANG_ENABLE_MODULES = YES;
				CLANG_ENABLE_OBJC_ARC = YES;
				CLANG_ENABLE_OBJC_WEAK = YES;
				CLANG_WARN_BLOCK_CAPTURE_AUTORELEASING = YES;
				CLANG_WARN_BOOL_CONVERSION = YES;
				CLANG_WARN_COMMA = YES;
				CLANG_WARN_CONSTANT_CONVERSION = YES;
				CLANG_WARN_DEPRECATED_OBJC_IMPLEMENTATIONS = YES;
				CLANG_WARN_DIRECT_OBJC_ISA_USAGE = YES_ERROR;
				CLANG_WARN_DOCUMENTATION_COMMENTS = YES;
				CLANG_WARN_EMPTY_BODY = YES;
				CLANG_WARN_ENUM_CONVERSION = YES;
				CLANG_WARN_INFINITE_RECURSION = YES;
				CLANG_WARN_INT_CONVERSION = YES;
				CLANG_WARN_NON_LITERAL_NULL_CONVERSION = YES;
				CLANG_WARN_OBJC_IMPLICIT_RETAIN_SELF = YES;
				CLANG_WARN_OBJC_LITERAL_CONVERSION = YES;
				CLANG_WARN_OBJC_ROOT_CLASS = YES_ERROR;
				CLANG_WARN_QUOTED_INCLUDE_IN_FRAMEWORK_HEADER = YES;
				CLANG_WARN_RANGE_LOOP_ANALYSIS = YES;
				CLANG_WARN_STRICT_PROTOTYPES = YES;
				CLANG_WARN_SUSPICIOUS_MOVE = YES;
				CLANG_WARN_UNGUARDED_AVAILABILITY = YES_AGGRESSIVE;
				CLANG_WARN_UNREACHABLE_CODE = YES;
				CLANG_WARN__DUPLICATE_METHOD_MATCH = YES;
				COPY_PHASE_STRIP = NO;
				DEBUG_INFORMATION_FORMAT = "dwarf-with-dsym";
				ENABLE_NS_ASSERTIONS = NO;
				ENABLE_STRICT_OBJC_MSGSEND = YES;
				ENABLE_USER_SCRIPT_SANDBOXING = YES;
				GCC_C_LANGUAGE_STANDARD = gnu17;
				GCC_NO_COMMON_BLOCKS = YES;
				GCC_WARN_64_TO_32_BIT_CONVERSION = YES;
				GCC_WARN_ABOUT_RETURN_TYPE = YES_ERROR;
				GCC_WARN_UNDECLARED_SELECTOR = YES;
				GCC_WARN_UNINITIALIZED_AUTOS = YES_AGGRESSIVE;
				GCC_WARN_UNUSED_FUNCTION = YES;
				GCC_WARN_UNUSED_VARIABLE = YES;
				IPHONEOS_DEPLOYMENT_TARGET = 18.2;
				LOCALIZATION_PREFERS_STRING_CATALOGS = YES;
				MTL_ENABLE_DEBUG_INFO = NO;
				MTL_FAST_MATH = YES;
				SDKROOT = iphoneos;
				SWIFT_COMPILATION_MODE = wholemodule;
				VALIDATE_PRODUCT = YES;
			};
			name = Release;
		};
		53298D872E42139600B30820 /* Debug */ = {
			isa = XCBuildConfiguration;
			buildSettings = {
				ASSETCATALOG_COMPILER_APPICON_NAME = AppIcon;
				ASSETCATALOG_COMPILER_GLOBAL_ACCENT_COLOR_NAME = AccentColor;
				CODE_SIGN_STYLE = Automatic;
				CURRENT_PROJECT_VERSION = 1;
				DEVELOPMENT_ASSET_PATHS = "\"AdoraWellness/Preview Content\"";
				ENABLE_PREVIEWS = YES;
				GENERATE_INFOPLIST_FILE = YES;
				INFOPLIST_FILE = AdoraWellness/Info.plist;
				INFOPLIST_KEY_CFBundleDisplayName = "";
				INFOPLIST_KEY_LSApplicationCategoryType = "";
				INFOPLIST_KEY_NSCalendarsUsageDescription = "";
				INFOPLIST_KEY_NSFaceIDUsageDescription = "$(MARKETING_VERSION)";
				INFOPLIST_KEY_NSHumanReadableCopyright = "";
				INFOPLIST_KEY_UIApplicationSceneManifest_Generation = YES;
				INFOPLIST_KEY_UIApplicationSupportsIndirectInputEvents = YES;
				INFOPLIST_KEY_UILaunchScreen_Generation = YES;
				INFOPLIST_KEY_UISupportedInterfaceOrientations_iPad = "UIInterfaceOrientationPortrait UIInterfaceOrientationPortraitUpsideDown UIInterfaceOrientationLandscapeLeft UIInterfaceOrientationLandscapeRight";
				INFOPLIST_KEY_UISupportedInterfaceOrientations_iPhone = "UIInterfaceOrientationPortrait UIInterfaceOrientationLandscapeLeft UIInterfaceOrientationLandscapeRight";
				LD_RUNPATH_SEARCH_PATHS = (
					"$(inherited)",
					"@executable_path/Frameworks",
				);
				MARKETING_VERSION = 1.0;
				PRODUCT_BUNDLE_IDENTIFIER = hashini.AdoraWellness;
				PRODUCT_NAME = "$(TARGET_NAME)";
				SWIFT_EMIT_LOC_STRINGS = YES;
				SWIFT_VERSION = 5.0;
				TARGETED_DEVICE_FAMILY = "1,2";
			};
			name = Debug;
		};
		53298D882E42139600B30820 /* Release */ = {
			isa = XCBuildConfiguration;
			buildSettings = {
				ASSETCATALOG_COMPILER_APPICON_NAME = AppIcon;
				ASSETCATALOG_COMPILER_GLOBAL_ACCENT_COLOR_NAME = AccentColor;
				CODE_SIGN_STYLE = Automatic;
				CURRENT_PROJECT_VERSION = 1;
				DEVELOPMENT_ASSET_PATHS = "\"AdoraWellness/Preview Content\"";
				ENABLE_PREVIEWS = YES;
				GENERATE_INFOPLIST_FILE = YES;
				INFOPLIST_FILE = AdoraWellness/Info.plist;
				INFOPLIST_KEY_CFBundleDisplayName = "";
				INFOPLIST_KEY_LSApplicationCategoryType = "";
				INFOPLIST_KEY_NSCalendarsUsageDescription = "";
				INFOPLIST_KEY_NSFaceIDUsageDescription = "$(MARKETING_VERSION)";
				INFOPLIST_KEY_NSHumanReadableCopyright = "";
				INFOPLIST_KEY_UIApplicationSceneManifest_Generation = YES;
				INFOPLIST_KEY_UIApplicationSupportsIndirectInputEvents = YES;
				INFOPLIST_KEY_UILaunchScreen_Generation = YES;
				INFOPLIST_KEY_UISupportedInterfaceOrientations_iPad = "UIInterfaceOrientationPortrait UIInterfaceOrientationPortraitUpsideDown UIInterfaceOrientationLandscapeLeft UIInterfaceOrientationLandscapeRight";
				INFOPLIST_KEY_UISupportedInterfaceOrientations_iPhone = "UIInterfaceOrientationPortrait UIInterfaceOrientationLandscapeLeft UIInterfaceOrientationLandscapeRight";
				LD_RUNPATH_SEARCH_PATHS = (
					"$(inherited)",
					"@executable_path/Frameworks",
				);
				MARKETING_VERSION = 1.0;
				PRODUCT_BUNDLE_IDENTIFIER = hashini.AdoraWellness;
				PRODUCT_NAME = "$(TARGET_NAME)";
				SWIFT_EMIT_LOC_STRINGS = YES;
				SWIFT_VERSION = 5.0;
				TARGETED_DEVICE_FAMILY = "1,2";
			};
			name = Release;
		};
		53298D8A2E42139600B30820 /* Debug */ = {
			isa = XCBuildConfiguration;
			buildSettings = {
				BUNDLE_LOADER = "$(TEST_HOST)";
				CODE_SIGN_STYLE = Automatic;
				CURRENT_PROJECT_VERSION = 1;
				GENERATE_INFOPLIST_FILE = YES;
				IPHONEOS_DEPLOYMENT_TARGET = 18.2;
				MARKETING_VERSION = 1.0;
				PRODUCT_BUNDLE_IDENTIFIER = hashini.AdoraWellnessTests;
				PRODUCT_NAME = "$(TARGET_NAME)";
				SWIFT_EMIT_LOC_STRINGS = NO;
				SWIFT_VERSION = 5.0;
				TARGETED_DEVICE_FAMILY = "1,2";
				TEST_HOST = "$(BUILT_PRODUCTS_DIR)/AdoraWellness.app/$(BUNDLE_EXECUTABLE_FOLDER_PATH)/AdoraWellness";
			};
			name = Debug;
		};
		53298D8B2E42139600B30820 /* Release */ = {
			isa = XCBuildConfiguration;
			buildSettings = {
				BUNDLE_LOADER = "$(TEST_HOST)";
				CODE_SIGN_STYLE = Automatic;
				CURRENT_PROJECT_VERSION = 1;
				GENERATE_INFOPLIST_FILE = YES;
				IPHONEOS_DEPLOYMENT_TARGET = 18.2;
				MARKETING_VERSION = 1.0;
				PRODUCT_BUNDLE_IDENTIFIER = hashini.AdoraWellnessTests;
				PRODUCT_NAME = "$(TARGET_NAME)";
				SWIFT_EMIT_LOC_STRINGS = NO;
				SWIFT_VERSION = 5.0;
				TARGETED_DEVICE_FAMILY = "1,2";
				TEST_HOST = "$(BUILT_PRODUCTS_DIR)/AdoraWellness.app/$(BUNDLE_EXECUTABLE_FOLDER_PATH)/AdoraWellness";
			};
			name = Release;
		};
		53298D8D2E42139600B30820 /* Debug */ = {
			isa = XCBuildConfiguration;
			buildSettings = {
				CODE_SIGN_STYLE = Automatic;
				CURRENT_PROJECT_VERSION = 1;
				GENERATE_INFOPLIST_FILE = YES;
				MARKETING_VERSION = 1.0;
				PRODUCT_BUNDLE_IDENTIFIER = hashini.AdoraWellnessUITests;
				PRODUCT_NAME = "$(TARGET_NAME)";
				SWIFT_EMIT_LOC_STRINGS = NO;
				SWIFT_VERSION = 5.0;
				TARGETED_DEVICE_FAMILY = "1,2";
				TEST_TARGET_NAME = AdoraWellness;
			};
			name = Debug;
		};
		53298D8E2E42139600B30820 /* Release */ = {
			isa = XCBuildConfiguration;
			buildSettings = {
				CODE_SIGN_STYLE = Automatic;
				CURRENT_PROJECT_VERSION = 1;
				GENERATE_INFOPLIST_FILE = YES;
				MARKETING_VERSION = 1.0;
				PRODUCT_BUNDLE_IDENTIFIER = hashini.AdoraWellnessUITests;
				PRODUCT_NAME = "$(TARGET_NAME)";
				SWIFT_EMIT_LOC_STRINGS = NO;
				SWIFT_VERSION = 5.0;
				TARGETED_DEVICE_FAMILY = "1,2";
				TEST_TARGET_NAME = AdoraWellness;
			};
			name = Release;
		};
/* End XCBuildConfiguration section */

/* Begin XCConfigurationList section */
		53298D5D2E42138D00B30820 /* Build configuration list for PBXProject "AdoraWellness" */ = {
			isa = XCConfigurationList;
			buildConfigurations = (
				53298D842E42139600B30820 /* Debug */,
				53298D852E42139600B30820 /* Release */,
			);
			defaultConfigurationIsVisible = 0;
			defaultConfigurationName = Release;
		};
		53298D862E42139600B30820 /* Build configuration list for PBXNativeTarget "AdoraWellness" */ = {
			isa = XCConfigurationList;
			buildConfigurations = (
				53298D872E42139600B30820 /* Debug */,
				53298D882E42139600B30820 /* Release */,
			);
			defaultConfigurationIsVisible = 0;
			defaultConfigurationName = Release;
		};
		53298D892E42139600B30820 /* Build configuration list for PBXNativeTarget "AdoraWellnessTests" */ = {
			isa = XCConfigurationList;
			buildConfigurations = (
				53298D8A2E42139600B30820 /* Debug */,
				53298D8B2E42139600B30820 /* Release */,
			);
			defaultConfigurationIsVisible = 0;
			defaultConfigurationName = Release;
		};
		53298D8C2E42139600B30820 /* Build configuration list for PBXNativeTarget "AdoraWellnessUITests" */ = {
			isa = XCConfigurationList;
			buildConfigurations = (
				53298D8D2E42139600B30820 /* Debug */,
				53298D8E2E42139600B30820 /* Release */,
			);
			defaultConfigurationIsVisible = 0;
			defaultConfigurationName = Release;
		};
/* End XCConfigurationList section */

/* Begin XCRemoteSwiftPackageReference section */
		5397B6922E477893002DDCAF /* XCRemoteSwiftPackageReference "GoogleSignIn-iOS" */ = {
			isa = XCRemoteSwiftPackageReference;
			repositoryURL = "https://github.com/google/GoogleSignIn-iOS";
			requirement = {
				kind = upToNextMajorVersion;
				minimumVersion = 9.0.0;
			};
		};
		53E27F642E4450C500E90879 /* XCRemoteSwiftPackageReference "firebase-ios-sdk" */ = {
			isa = XCRemoteSwiftPackageReference;
			repositoryURL = "https://github.com/firebase/firebase-ios-sdk";
			requirement = {
				kind = upToNextMajorVersion;
				minimumVersion = 12.1.0;
			};
		};
/* End XCRemoteSwiftPackageReference section */

/* Begin XCSwiftPackageProductDependency section */
		5397B6932E477894002DDCAF /* GoogleSignIn */ = {
			isa = XCSwiftPackageProductDependency;
			package = 5397B6922E477893002DDCAF /* XCRemoteSwiftPackageReference "GoogleSignIn-iOS" */;
			productName = GoogleSignIn;
		};
		5397B6952E477894002DDCAF /* GoogleSignInSwift */ = {
			isa = XCSwiftPackageProductDependency;
			package = 5397B6922E477893002DDCAF /* XCRemoteSwiftPackageReference "GoogleSignIn-iOS" */;
			productName = GoogleSignInSwift;
		};
		53E27F652E4450C500E90879 /* FirebaseAuth */ = {
			isa = XCSwiftPackageProductDependency;
			package = 53E27F642E4450C500E90879 /* XCRemoteSwiftPackageReference "firebase-ios-sdk" */;
			productName = FirebaseAuth;
		};
		53E27F672E4450C500E90879 /* FirebaseFirestore */ = {
			isa = XCSwiftPackageProductDependency;
			package = 53E27F642E4450C500E90879 /* XCRemoteSwiftPackageReference "firebase-ios-sdk" */;
			productName = FirebaseFirestore;
		};
		53E27F692E4450C500E90879 /* FirebaseStorage */ = {
			isa = XCSwiftPackageProductDependency;
			package = 53E27F642E4450C500E90879 /* XCRemoteSwiftPackageReference "firebase-ios-sdk" */;
			productName = FirebaseStorage;
		};
/* End XCSwiftPackageProductDependency section */
	};
	rootObject = 53298D5A2E42138D00B30820 /* Project object */;
}
